
Microsoft Visual Studio Solution File, Format Version 12.00
# Visual Studio Version 16
VisualStudioVersion = 16.0.30503.244
MinimumVisualStudioVersion = 10.0.40219.1
Project("{F184B08F-C81C-45F6-A57F-5ABD9991F28F}") = "plasmo", "plasmo\plasmo.vbproj", "{9C65B1A3-D90B-42F9-BD51-60340162EE8A}"
EndProject
Global
	GlobalSection(SolutionConfigurationPlatforms) = preSolution
		Debug|Any CPU = Debug|Any CPU
		Release|Any CPU = Release|Any CPU
	EndGlobalSection
	GlobalSection(ProjectConfigurationPlatforms) = postSolution
		{9C65B1A3-D90B-42F9-BD51-60340162EE8A}.Debug|Any CPU.ActiveCfg = Debug|Any CPU
		{9C65B1A3-D90B-42F9-BD51-60340162EE8A}.Debug|Any CPU.Build.0 = Debug|Any CPU
		{9C65B1A3-D90B-42F9-BD51-60340162EE8A}.Release|Any CPU.ActiveCfg = Release|Any CPU
		{9C65B1A3-D90B-42F9-BD51-60340162EE8A}.Release|Any CPU.Build.0 = Release|Any CPU
	EndGlobalSection
	GlobalSection(SolutionProperties) = preSolution
		HideSolutionNode = FALSE
	EndGlobalSection
	GlobalSection(ExtensibilityGlobals) = postSolution
		SolutionGuid = {0C44EA02-583C-4F0C-9D75-305416EBB8F1}
	EndGlobalSection
EndGlobal
